
Microsoft Visual Studio Solution File, Format Version 12.00
# Visual Studio 15
VisualStudioVersion = 15.0.28010.2019
MinimumVisualStudioVersion = 10.0.40219.1
Project("{FAE04EC0-301F-11D3-BF4B-00C04F79EFBC}") = "SQLDemoUI", "SQLDemo\SQLDemoUI.csproj", "{F7670F35-C8A3-4DDA-968E-A345E59D54AB}"
EndProject
Global
	GlobalSection(SolutionConfigurationPlatforms) = preSolution
		Debug|Any CPU = Debug|Any CPU
		Release|Any CPU = Release|Any CPU
	EndGlobalSection
	GlobalSection(ProjectConfigurationPlatforms) = postSolution
		{F7670F35-C8A3-4DDA-968E-A345E59D54AB}.Debug|Any CPU.ActiveCfg = Debug|Any CPU
		{F7670F35-C8A3-4DDA-968E-A345E59D54AB}.Debug|Any CPU.Build.0 = Debug|Any CPU
		{F7670F35-C8A3-4DDA-968E-A345E59D54AB}.Release|Any CPU.ActiveCfg = Release|Any CPU
		{F7670F35-C8A3-4DDA-968E-A345E59D54AB}.Release|Any CPU.Build.0 = Release|Any CPU
	EndGlobalSection
	GlobalSection(SolutionProperties) = preSolution
		HideSolutionNode = FALSE
	EndGlobalSection
	GlobalSection(ExtensibilityGlobals) = postSolution
		SolutionGuid = {2654E0AC-66DC-46F6-9A10-5223C650FAC3}
	EndGlobalSection
EndGlobal
